
Microsoft Visual Studio Solution File, Format Version 12.00
Project("{FAE04EC0-301F-11D3-BF4B-00C04F79EFBC}") = "Functions", "Functions\Functions.csproj", "{9DC1D950-0FAD-48B2-B9A7-0D73AAB2337E}"
EndProject
Project("{FAE04EC0-301F-11D3-BF4B-00C04F79EFBC}") = "DataAccess", "DataAccess\DataAccess.csproj", "{1209ACB6-4BBD-4243-8BAC-75CCEDFAE615}"
EndProject
Project("{FAE04EC0-301F-11D3-BF4B-00C04F79EFBC}") = "Core", "Core\Core.csproj", "{0EC54C07-5F95-4C79-873F-0E1AAFF0367C}"
EndProject
Project("{FAE04EC0-301F-11D3-BF4B-00C04F79EFBC}") = "Api", "Api\Api.csproj", "{437AF1D1-1CB1-4F86-9439-63268F75377E}"
EndProject
Project("{FAE04EC0-301F-11D3-BF4B-00C04F79EFBC}") = "Services", "Services\Services.csproj", "{E90D4FB0-E81C-48CE-8FDA-DC09B1AA21C2}"
EndProject
Project("{2150E333-8FDC-42A3-9474-1A3956D46DE8}") = "Tests", "Tests", "{A1492942-014A-4E55-B5EF-508FE6114C2F}"
EndProject
Project("{FAE04EC0-301F-11D3-BF4B-00C04F79EFBC}") = "Core.UnitTests", "Tests\Core.UnitTests\Core.UnitTests.csproj", "{68B03E2D-F1A3-4315-B520-6A169FE971AD}"
EndProject
Project("{FAE04EC0-301F-11D3-BF4B-00C04F79EFBC}") = "Services.UnitTests", "Tests\Services.UnitTests\Services.UnitTests.csproj", "{8E09AD4C-09FC-4B93-93C9-C8C1E751C630}"
EndProject
Project("{FAE04EC0-301F-11D3-BF4B-00C04F79EFBC}") = "Api.IntegrationTests", "Tests\Api.IntegrationTests\Api.IntegrationTests.csproj", "{BB547BAB-36AD-46F0-88C6-37BA8588EC7C}"
EndProject
Project("{FAE04EC0-301F-11D3-BF4B-00C04F79EFBC}") = "DataAccess.UnitTests", "Tests\DataAccess.UnitTests\DataAccess.UnitTests.csproj", "{A1E43F8D-A01A-47CC-8A42-6CC0E80038AF}"
EndProject
Project("{FAE04EC0-301F-11D3-BF4B-00C04F79EFBC}") = "DataAccess.Core", "DataAccess.Core\DataAccess.Core.csproj", "{F62FB14E-B65B-49EE-8811-2997ACB689E6}"
EndProject
Project("{FAE04EC0-301F-11D3-BF4B-00C04F79EFBC}") = "DataAccess.Migrations", "DataAccess.Migrations\DataAccess.Migrations.csproj", "{4470A595-CA10-42D5-BF29-670B71DA9E71}"
EndProject
Project("{FAE04EC0-301F-11D3-BF4B-00C04F79EFBC}") = "Handlers", "Handlers\Handlers.csproj", "{09C79103-5C87-4691-B912-E469C6EE9BEF}"
EndProject
Project("{FAE04EC0-301F-11D3-BF4B-00C04F79EFBC}") = "Functions.IntegrationTests", "Tests\Functions.IntegrationTests\Functions.IntegrationTests.csproj", "{B59A8012-38CB-4727-BBB8-D1BCED7A969E}"
EndProject
Global
	GlobalSection(SolutionConfigurationPlatforms) = preSolution
		Debug|Any CPU = Debug|Any CPU
		Release|Any CPU = Release|Any CPU
	EndGlobalSection
	GlobalSection(ProjectConfigurationPlatforms) = postSolution
		{9DC1D950-0FAD-48B2-B9A7-0D73AAB2337E}.Debug|Any CPU.ActiveCfg = Debug|Any CPU
		{9DC1D950-0FAD-48B2-B9A7-0D73AAB2337E}.Debug|Any CPU.Build.0 = Debug|Any CPU
		{9DC1D950-0FAD-48B2-B9A7-0D73AAB2337E}.Release|Any CPU.ActiveCfg = Release|Any CPU
		{9DC1D950-0FAD-48B2-B9A7-0D73AAB2337E}.Release|Any CPU.Build.0 = Release|Any CPU
		{1209ACB6-4BBD-4243-8BAC-75CCEDFAE615}.Debug|Any CPU.ActiveCfg = Debug|Any CPU
		{1209ACB6-4BBD-4243-8BAC-75CCEDFAE615}.Debug|Any CPU.Build.0 = Debug|Any CPU
		{1209ACB6-4BBD-4243-8BAC-75CCEDFAE615}.Release|Any CPU.ActiveCfg = Release|Any CPU
		{1209ACB6-4BBD-4243-8BAC-75CCEDFAE615}.Release|Any CPU.Build.0 = Release|Any CPU
		{0EC54C07-5F95-4C79-873F-0E1AAFF0367C}.Debug|Any CPU.ActiveCfg = Debug|Any CPU
		{0EC54C07-5F95-4C79-873F-0E1AAFF0367C}.Debug|Any CPU.Build.0 = Debug|Any CPU
		{0EC54C07-5F95-4C79-873F-0E1AAFF0367C}.Release|Any CPU.ActiveCfg = Release|Any CPU
		{0EC54C07-5F95-4C79-873F-0E1AAFF0367C}.Release|Any CPU.Build.0 = Release|Any CPU
		{437AF1D1-1CB1-4F86-9439-63268F75377E}.Debug|Any CPU.ActiveCfg = Debug|Any CPU
		{437AF1D1-1CB1-4F86-9439-63268F75377E}.Debug|Any CPU.Build.0 = Debug|Any CPU
		{437AF1D1-1CB1-4F86-9439-63268F75377E}.Release|Any CPU.ActiveCfg = Release|Any CPU
		{437AF1D1-1CB1-4F86-9439-63268F75377E}.Release|Any CPU.Build.0 = Release|Any CPU
		{E90D4FB0-E81C-48CE-8FDA-DC09B1AA21C2}.Debug|Any CPU.ActiveCfg = Debug|Any CPU
		{E90D4FB0-E81C-48CE-8FDA-DC09B1AA21C2}.Debug|Any CPU.Build.0 = Debug|Any CPU
		{E90D4FB0-E81C-48CE-8FDA-DC09B1AA21C2}.Release|Any CPU.ActiveCfg = Release|Any CPU
		{E90D4FB0-E81C-48CE-8FDA-DC09B1AA21C2}.Release|Any CPU.Build.0 = Release|Any CPU
		{68B03E2D-F1A3-4315-B520-6A169FE971AD}.Debug|Any CPU.ActiveCfg = Debug|Any CPU
		{68B03E2D-F1A3-4315-B520-6A169FE971AD}.Debug|Any CPU.Build.0 = Debug|Any CPU
		{68B03E2D-F1A3-4315-B520-6A169FE971AD}.Release|Any CPU.ActiveCfg = Release|Any CPU
		{68B03E2D-F1A3-4315-B520-6A169FE971AD}.Release|Any CPU.Build.0 = Release|Any CPU
		{8E09AD4C-09FC-4B93-93C9-C8C1E751C630}.Debug|Any CPU.ActiveCfg = Debug|Any CPU
		{8E09AD4C-09FC-4B93-93C9-C8C1E751C630}.Debug|Any CPU.Build.0 = Debug|Any CPU
		{8E09AD4C-09FC-4B93-93C9-C8C1E751C630}.Release|Any CPU.ActiveCfg = Release|Any CPU
		{8E09AD4C-09FC-4B93-93C9-C8C1E751C630}.Release|Any CPU.Build.0 = Release|Any CPU
		{BB547BAB-36AD-46F0-88C6-37BA8588EC7C}.Debug|Any CPU.ActiveCfg = Debug|Any CPU
		{BB547BAB-36AD-46F0-88C6-37BA8588EC7C}.Debug|Any CPU.Build.0 = Debug|Any CPU
		{BB547BAB-36AD-46F0-88C6-37BA8588EC7C}.Release|Any CPU.ActiveCfg = Release|Any CPU
		{BB547BAB-36AD-46F0-88C6-37BA8588EC7C}.Release|Any CPU.Build.0 = Release|Any CPU
		{A1E43F8D-A01A-47CC-8A42-6CC0E80038AF}.Debug|Any CPU.ActiveCfg = Debug|Any CPU
		{A1E43F8D-A01A-47CC-8A42-6CC0E80038AF}.Debug|Any CPU.Build.0 = Debug|Any CPU
		{A1E43F8D-A01A-47CC-8A42-6CC0E80038AF}.Release|Any CPU.ActiveCfg = Release|Any CPU
		{A1E43F8D-A01A-47CC-8A42-6CC0E80038AF}.Release|Any CPU.Build.0 = Release|Any CPU
		{F62FB14E-B65B-49EE-8811-2997ACB689E6}.Debug|Any CPU.ActiveCfg = Debug|Any CPU
		{F62FB14E-B65B-49EE-8811-2997ACB689E6}.Debug|Any CPU.Build.0 = Debug|Any CPU
		{F62FB14E-B65B-49EE-8811-2997ACB689E6}.Release|Any CPU.ActiveCfg = Release|Any CPU
		{F62FB14E-B65B-49EE-8811-2997ACB689E6}.Release|Any CPU.Build.0 = Release|Any CPU
		{4470A595-CA10-42D5-BF29-670B71DA9E71}.Debug|Any CPU.ActiveCfg = Debug|Any CPU
		{4470A595-CA10-42D5-BF29-670B71DA9E71}.Debug|Any CPU.Build.0 = Debug|Any CPU
		{4470A595-CA10-42D5-BF29-670B71DA9E71}.Release|Any CPU.ActiveCfg = Release|Any CPU
		{4470A595-CA10-42D5-BF29-670B71DA9E71}.Release|Any CPU.Build.0 = Release|Any CPU
		{09C79103-5C87-4691-B912-E469C6EE9BEF}.Debug|Any CPU.ActiveCfg = Debug|Any CPU
		{09C79103-5C87-4691-B912-E469C6EE9BEF}.Debug|Any CPU.Build.0 = Debug|Any CPU
		{09C79103-5C87-4691-B912-E469C6EE9BEF}.Release|Any CPU.ActiveCfg = Release|Any CPU
		{09C79103-5C87-4691-B912-E469C6EE9BEF}.Release|Any CPU.Build.0 = Release|Any CPU
		{B59A8012-38CB-4727-BBB8-D1BCED7A969E}.Debug|Any CPU.ActiveCfg = Debug|Any CPU
		{B59A8012-38CB-4727-BBB8-D1BCED7A969E}.Debug|Any CPU.Build.0 = Debug|Any CPU
		{B59A8012-38CB-4727-BBB8-D1BCED7A969E}.Release|Any CPU.ActiveCfg = Release|Any CPU
		{B59A8012-38CB-4727-BBB8-D1BCED7A969E}.Release|Any CPU.Build.0 = Release|Any CPU
	EndGlobalSection
	GlobalSection(NestedProjects) = preSolution
		{68B03E2D-F1A3-4315-B520-6A169FE971AD} = {A1492942-014A-4E55-B5EF-508FE6114C2F}
		{8E09AD4C-09FC-4B93-93C9-C8C1E751C630} = {A1492942-014A-4E55-B5EF-508FE6114C2F}
		{BB547BAB-36AD-46F0-88C6-37BA8588EC7C} = {A1492942-014A-4E55-B5EF-508FE6114C2F}
		{A1E43F8D-A01A-47CC-8A42-6CC0E80038AF} = {A1492942-014A-4E55-B5EF-508FE6114C2F}
		{B59A8012-38CB-4727-BBB8-D1BCED7A969E} = {A1492942-014A-4E55-B5EF-508FE6114C2F}
	EndGlobalSection
EndGlobal
